
Microsoft Visual Studio Solution File, Format Version 12.00
# Visual Studio Version 16
VisualStudioVersion = 16.0.30804.86
MinimumVisualStudioVersion = 10.0.40219.1
Project("{9A19103F-16F7-4668-BE54-9A1E7A4F7556}") = "Blazor.AbDatePicker.Demo", "Blazor.AbDatePicker.Demo\Blazor.AbDatePicker.Demo.csproj", "{60988AF0-D95B-498D-8BC0-D1B1969CEF8A}"
EndProject
Project("{9A19103F-16F7-4668-BE54-9A1E7A4F7556}") = "Blazor.AbDatePicker", "Blazor.AbDatePicker\Blazor.AbDatePicker.csproj", "{E401979F-CA6D-4FED-A9BB-515802971718}"
EndProject
Global
	GlobalSection(SolutionConfigurationPlatforms) = preSolution
		Debug|Any CPU = Debug|Any CPU
		Release|Any CPU = Release|Any CPU
	EndGlobalSection
	GlobalSection(ProjectConfigurationPlatforms) = postSolution
		{60988AF0-D95B-498D-8BC0-D1B1969CEF8A}.Debug|Any CPU.ActiveCfg = Debug|Any CPU
		{60988AF0-D95B-498D-8BC0-D1B1969CEF8A}.Debug|Any CPU.Build.0 = Debug|Any CPU
		{60988AF0-D95B-498D-8BC0-D1B1969CEF8A}.Release|Any CPU.ActiveCfg = Release|Any CPU
		{60988AF0-D95B-498D-8BC0-D1B1969CEF8A}.Release|Any CPU.Build.0 = Release|Any CPU
		{E401979F-CA6D-4FED-A9BB-515802971718}.Debug|Any CPU.ActiveCfg = Debug|Any CPU
		{E401979F-CA6D-4FED-A9BB-515802971718}.Debug|Any CPU.Build.0 = Debug|Any CPU
		{E401979F-CA6D-4FED-A9BB-515802971718}.Release|Any CPU.ActiveCfg = Release|Any CPU
		{E401979F-CA6D-4FED-A9BB-515802971718}.Release|Any CPU.Build.0 = Release|Any CPU
	EndGlobalSection
	GlobalSection(SolutionProperties) = preSolution
		HideSolutionNode = FALSE
	EndGlobalSection
	GlobalSection(ExtensibilityGlobals) = postSolution
		SolutionGuid = {37CD2496-ABB9-4B45-9606-4AB9DD5D5940}
	EndGlobalSection
EndGlobal
